
Microsoft Visual Studio Solution File, Format Version 12.00
# Visual Studio Version 16
VisualStudioVersion = 16.0.30907.101
MinimumVisualStudioVersion = 10.0.40219.1
Project("{FAE04EC0-301F-11D3-BF4B-00C04F79EFBC}") = "Pessoas.API", "Pessoas.API\Pessoas.API.csproj", "{0D81AD0F-18E0-4A03-9859-C06FC37140B1}"
EndProject
Project("{FAE04EC0-301F-11D3-BF4B-00C04F79EFBC}") = "Pessoas.Domain", "..\Pessoas.Domain\Pessoas.Domain.csproj", "{188633B6-0966-4DF6-8919-5A1C21534809}"
EndProject
Project("{FAE04EC0-301F-11D3-BF4B-00C04F79EFBC}") = "Pessoas.Repository", "..\Pessoas.Repository\Pessoas.Repository.csproj", "{0D7349FA-2AD1-4B38-A8DE-DD988ACABFE7}"
EndProject
Project("{FAE04EC0-301F-11D3-BF4B-00C04F79EFBC}") = "Pessoas.Service", "..\Pessoas.Service\Pessoas.Service.csproj", "{B2E2CA94-F112-40A2-9782-057B36585514}"
EndProject
Global
	GlobalSection(SolutionConfigurationPlatforms) = preSolution
		Debug|Any CPU = Debug|Any CPU
		Release|Any CPU = Release|Any CPU
	EndGlobalSection
	GlobalSection(ProjectConfigurationPlatforms) = postSolution
		{0D81AD0F-18E0-4A03-9859-C06FC37140B1}.Debug|Any CPU.ActiveCfg = Debug|Any CPU
		{0D81AD0F-18E0-4A03-9859-C06FC37140B1}.Debug|Any CPU.Build.0 = Debug|Any CPU
		{0D81AD0F-18E0-4A03-9859-C06FC37140B1}.Release|Any CPU.ActiveCfg = Release|Any CPU
		{0D81AD0F-18E0-4A03-9859-C06FC37140B1}.Release|Any CPU.Build.0 = Release|Any CPU
		{188633B6-0966-4DF6-8919-5A1C21534809}.Debug|Any CPU.ActiveCfg = Debug|Any CPU
		{188633B6-0966-4DF6-8919-5A1C21534809}.Debug|Any CPU.Build.0 = Debug|Any CPU
		{188633B6-0966-4DF6-8919-5A1C21534809}.Release|Any CPU.ActiveCfg = Release|Any CPU
		{188633B6-0966-4DF6-8919-5A1C21534809}.Release|Any CPU.Build.0 = Release|Any CPU
		{0D7349FA-2AD1-4B38-A8DE-DD988ACABFE7}.Debug|Any CPU.ActiveCfg = Debug|Any CPU
		{0D7349FA-2AD1-4B38-A8DE-DD988ACABFE7}.Debug|Any CPU.Build.0 = Debug|Any CPU
		{0D7349FA-2AD1-4B38-A8DE-DD988ACABFE7}.Release|Any CPU.ActiveCfg = Release|Any CPU
		{0D7349FA-2AD1-4B38-A8DE-DD988ACABFE7}.Release|Any CPU.Build.0 = Release|Any CPU
		{B2E2CA94-F112-40A2-9782-057B36585514}.Debug|Any CPU.ActiveCfg = Debug|Any CPU
		{B2E2CA94-F112-40A2-9782-057B36585514}.Debug|Any CPU.Build.0 = Debug|Any CPU
		{B2E2CA94-F112-40A2-9782-057B36585514}.Release|Any CPU.ActiveCfg = Release|Any CPU
		{B2E2CA94-F112-40A2-9782-057B36585514}.Release|Any CPU.Build.0 = Release|Any CPU
	EndGlobalSection
	GlobalSection(SolutionProperties) = preSolution
		HideSolutionNode = FALSE
	EndGlobalSection
	GlobalSection(ExtensibilityGlobals) = postSolution
		SolutionGuid = {41D37430-0A58-4461-879E-B88EB33AAA71}
	EndGlobalSection
EndGlobal
